
Microsoft Visual Studio Solution File, Format Version 12.00
Project("{2150E333-8FDC-42A3-9474-1A3956D46DE8}") = "src", "src", "{1516EEC4-0142-425B-81CE-2C0331A0F3AB}"
EndProject
Project("{2150E333-8FDC-42A3-9474-1A3956D46DE8}") = "test", "test", "{ADC96B8D-B4D2-4FF3-9B50-8A43F02AF00D}"
EndProject
Project("{2150E333-8FDC-42A3-9474-1A3956D46DE8}") = "Solution Items", "Solution Items", "{247D8FD0-AD67-419B-9DBF-247210CD00FA}"
	ProjectSection(SolutionItems) = preProject
		LICENSE.txt = LICENSE.txt
		README.md = README.md
		.gitignore = .gitignore
		build.cake = build.cake
		.editorconfig = .editorconfig
		.gitmessage = .gitmessage
		CHANGELOG.md = CHANGELOG.md
		semver.json = semver.json
	EndProjectSection
EndProject
Project("{FAE04EC0-301F-11D3-BF4B-00C04F79EFBC}") = "WebApplication", "src\WebApplication\WebApplication.csproj", "{364FF590-F2A5-4F41-B3FC-97BA4BE5B2D8}"
EndProject
Project("{FAE04EC0-301F-11D3-BF4B-00C04F79EFBC}") = "Application", "src\Application\Application.csproj", "{1A678D71-E80A-4F3F-98BD-8383B0246F94}"
EndProject
Global
	GlobalSection(SolutionConfigurationPlatforms) = preSolution
		Debug|Any CPU = Debug|Any CPU
		Release|Any CPU = Release|Any CPU
	EndGlobalSection
	GlobalSection(NestedProjects) = preSolution
		{364FF590-F2A5-4F41-B3FC-97BA4BE5B2D8} = {1516EEC4-0142-425B-81CE-2C0331A0F3AB}
		{1A678D71-E80A-4F3F-98BD-8383B0246F94} = {1516EEC4-0142-425B-81CE-2C0331A0F3AB}
	EndGlobalSection
	GlobalSection(ProjectConfigurationPlatforms) = postSolution
		{364FF590-F2A5-4F41-B3FC-97BA4BE5B2D8}.Debug|Any CPU.ActiveCfg = Debug|Any CPU
		{364FF590-F2A5-4F41-B3FC-97BA4BE5B2D8}.Debug|Any CPU.Build.0 = Debug|Any CPU
		{364FF590-F2A5-4F41-B3FC-97BA4BE5B2D8}.Release|Any CPU.ActiveCfg = Release|Any CPU
		{364FF590-F2A5-4F41-B3FC-97BA4BE5B2D8}.Release|Any CPU.Build.0 = Release|Any CPU
		{1A678D71-E80A-4F3F-98BD-8383B0246F94}.Debug|Any CPU.ActiveCfg = Debug|Any CPU
		{1A678D71-E80A-4F3F-98BD-8383B0246F94}.Debug|Any CPU.Build.0 = Debug|Any CPU
		{1A678D71-E80A-4F3F-98BD-8383B0246F94}.Release|Any CPU.ActiveCfg = Release|Any CPU
		{1A678D71-E80A-4F3F-98BD-8383B0246F94}.Release|Any CPU.Build.0 = Release|Any CPU
	EndGlobalSection
EndGlobal
